Microsoft Visual Studio Solution File, Format Version 12.00
# Visual Studio Version 17
VisualStudioVersion = 17.5.2.0
MinimumVisualStudioVersion = 10.0.40219.1
Project("{9A19103F-16F7-4668-BE54-9A1E7A4F7556}") = "Ticketing.CommandAPI", "Ticketing.CommandAPI\Ticketing.CommandAPI.csproj", "{D1D3F367-CEC1-5D2D-CDC0-C8047D000E60}"
EndProject
Project("{9A19103F-16F7-4668-BE54-9A1E7A4F7556}") = "Ticketing.QueryAPI", "Ticketing.QueryAPI\Ticketing.QueryAPI.csproj", "{A8ED2907-9298-E09D-29EC-BF24736EDA9D}"
EndProject
Project("{9A19103F-16F7-4668-BE54-9A1E7A4F7556}") = "GatewayAPI", "GatewayAPI\GatewayAPI.csproj", "{C4FB3B24-87E1-4875-A103-C4F1BDC46060}"
EndProject
Global
	GlobalSection(SolutionConfigurationPlatforms) = preSolution
		Debug|Any CPU = Debug|Any CPU
		Release|Any CPU = Release|Any CPU
	EndGlobalSection
	GlobalSection(ProjectConfigurationPlatforms) = postSolution
		{D1D3F367-CEC1-5D2D-CDC0-C8047D000E60}.Debug|Any CPU.ActiveCfg = Debug|Any CPU
		{D1D3F367-CEC1-5D2D-CDC0-C8047D000E60}.Debug|Any CPU.Build.0 = Debug|Any CPU
		{D1D3F367-CEC1-5D2D-CDC0-C8047D000E60}.Release|Any CPU.ActiveCfg = Release|Any CPU
		{D1D3F367-CEC1-5D2D-CDC0-C8047D000E60}.Release|Any CPU.Build.0 = Release|Any CPU
		{A8ED2907-9298-E09D-29EC-BF24736EDA9D}.Debug|Any CPU.ActiveCfg = Debug|Any CPU
		{A8ED2907-9298-E09D-29EC-BF24736EDA9D}.Debug|Any CPU.Build.0 = Debug|Any CPU
		{A8ED2907-9298-E09D-29EC-BF24736EDA9D}.Release|Any CPU.ActiveCfg = Release|Any CPU
		{A8ED2907-9298-E09D-29EC-BF24736EDA9D}.Release|Any CPU.Build.0 = Release|Any CPU
		{C4FB3B24-87E1-4875-A103-C4F1BDC46060}.Debug|Any CPU.ActiveCfg = Debug|Any CPU
		{C4FB3B24-87E1-4875-A103-C4F1BDC46060}.Debug|Any CPU.Build.0 = Debug|Any CPU
		{C4FB3B24-87E1-4875-A103-C4F1BDC46060}.Release|Any CPU.ActiveCfg = Release|Any CPU
		{C4FB3B24-87E1-4875-A103-C4F1BDC46060}.Release|Any CPU.Build.0 = Release|Any CPU
	EndGlobalSection
	GlobalSection(SolutionProperties) = preSolution
		HideSolutionNode = FALSE
	EndGlobalSection
	GlobalSection(ExtensibilityGlobals) = postSolution
		SolutionGuid = {CB996201-411E-4171-8670-2419A9D82DEA}
	EndGlobalSection
EndGlobal
